
Microsoft Visual Studio Solution File, Format Version 12.00
Project("{FAE04EC0-301F-11D3-BF4B-00C04F79EFBC}") = "Infrastructure", "Infrastructure\Infrastructure.csproj", "{C94A33F9-B465-4201-BAB9-B7C6471D6ACA}"
EndProject
Project("{FAE04EC0-301F-11D3-BF4B-00C04F79EFBC}") = "PuzzleSolving", "PuzzleSolving\PuzzleSolving.csproj", "{B51EE9EB-C98E-49F1-80AE-DE1D9929268D}"
EndProject
Project("{FAE04EC0-301F-11D3-BF4B-00C04F79EFBC}") = "ConsoleHost", "ConsoleHost\ConsoleHost.csproj", "{A231B37D-3AD1-4A6C-9AAB-B6B7DC3C8688}"
EndProject
Project("{FAE04EC0-301F-11D3-BF4B-00C04F79EFBC}") = "Benchmarks", "Benchmarks\Benchmarks.csproj", "{7A89EB0B-09FD-435D-9679-CAF72D9DEE6F}"
EndProject
Global
	GlobalSection(SolutionConfigurationPlatforms) = preSolution
		Debug|Any CPU = Debug|Any CPU
		Release|Any CPU = Release|Any CPU
	EndGlobalSection
	GlobalSection(ProjectConfigurationPlatforms) = postSolution
		{C94A33F9-B465-4201-BAB9-B7C6471D6ACA}.Debug|Any CPU.ActiveCfg = Debug|Any CPU
		{C94A33F9-B465-4201-BAB9-B7C6471D6ACA}.Debug|Any CPU.Build.0 = Debug|Any CPU
		{C94A33F9-B465-4201-BAB9-B7C6471D6ACA}.Release|Any CPU.ActiveCfg = Release|Any CPU
		{C94A33F9-B465-4201-BAB9-B7C6471D6ACA}.Release|Any CPU.Build.0 = Release|Any CPU
		{B51EE9EB-C98E-49F1-80AE-DE1D9929268D}.Debug|Any CPU.ActiveCfg = Debug|Any CPU
		{B51EE9EB-C98E-49F1-80AE-DE1D9929268D}.Debug|Any CPU.Build.0 = Debug|Any CPU
		{B51EE9EB-C98E-49F1-80AE-DE1D9929268D}.Release|Any CPU.ActiveCfg = Release|Any CPU
		{B51EE9EB-C98E-49F1-80AE-DE1D9929268D}.Release|Any CPU.Build.0 = Release|Any CPU
		{A231B37D-3AD1-4A6C-9AAB-B6B7DC3C8688}.Debug|Any CPU.ActiveCfg = Debug|Any CPU
		{A231B37D-3AD1-4A6C-9AAB-B6B7DC3C8688}.Debug|Any CPU.Build.0 = Debug|Any CPU
		{A231B37D-3AD1-4A6C-9AAB-B6B7DC3C8688}.Release|Any CPU.ActiveCfg = Release|Any CPU
		{A231B37D-3AD1-4A6C-9AAB-B6B7DC3C8688}.Release|Any CPU.Build.0 = Release|Any CPU
		{7A89EB0B-09FD-435D-9679-CAF72D9DEE6F}.Debug|Any CPU.ActiveCfg = Debug|Any CPU
		{7A89EB0B-09FD-435D-9679-CAF72D9DEE6F}.Debug|Any CPU.Build.0 = Debug|Any CPU
		{7A89EB0B-09FD-435D-9679-CAF72D9DEE6F}.Release|Any CPU.ActiveCfg = Release|Any CPU
		{7A89EB0B-09FD-435D-9679-CAF72D9DEE6F}.Release|Any CPU.Build.0 = Release|Any CPU
	EndGlobalSection
EndGlobal
